
Microsoft Visual Studio Solution File, Format Version 12.00
# Visual Studio 15
Project("{FAE04EC0-301F-11D3-BF4B-00C04F79EFBC}") = "MazeX", "Assembly-CSharp.csproj", "{080E821F-D381-EEF7-8399-A7353DDE15F8}"
EndProject
Project("{FAE04EC0-301F-11D3-BF4B-00C04F79EFBC}") = "MazeX", "Assembly-CSharp-Editor.csproj", "{718C6EB9-011F-D663-A519-6601A799A39C}"
EndProject
Global
	GlobalSection(SolutionConfigurationPlatforms) = preSolution
		Debug|Any CPU = Debug|Any CPU
		Release|Any CPU = Release|Any CPU
	EndGlobalSection
	GlobalSection(ProjectConfigurationPlatforms) = postSolution
		{080E821F-D381-EEF7-8399-A7353DDE15F8}.Debug|Any CPU.ActiveCfg = Debug|Any CPU
		{080E821F-D381-EEF7-8399-A7353DDE15F8}.Debug|Any CPU.Build.0 = Debug|Any CPU
		{080E821F-D381-EEF7-8399-A7353DDE15F8}.Release|Any CPU.ActiveCfg = Release|Any CPU
		{080E821F-D381-EEF7-8399-A7353DDE15F8}.Release|Any CPU.Build.0 = Release|Any CPU
		{718C6EB9-011F-D663-A519-6601A799A39C}.Debug|Any CPU.ActiveCfg = Debug|Any CPU
		{718C6EB9-011F-D663-A519-6601A799A39C}.Debug|Any CPU.Build.0 = Debug|Any CPU
		{718C6EB9-011F-D663-A519-6601A799A39C}.Release|Any CPU.ActiveCfg = Release|Any CPU
		{718C6EB9-011F-D663-A519-6601A799A39C}.Release|Any CPU.Build.0 = Release|Any CPU
	EndGlobalSection
	GlobalSection(SolutionProperties) = preSolution
		HideSolutionNode = FALSE
	EndGlobalSection
EndGlobal
